
Microsoft Visual Studio Solution File, Format Version 12.00
# Visual Studio 14
VisualStudioVersion = 14.0.25420.1
MinimumVisualStudioVersion = 10.0.40219.1
Project("{2150E333-8FDC-42A3-9474-1A3956D46DE8}") = "Data", "Data", "{8FAF992C-B36F-4878-A303-821B2BCE785A}"
EndProject
Project("{FAE04EC0-301F-11D3-BF4B-00C04F79EFBC}") = "Core.Entities", "Core.Entities\Core.Entities.csproj", "{BA0048FF-BF07-40F2-A7DA-5052B45CCB68}"
EndProject
Project("{FAE04EC0-301F-11D3-BF4B-00C04F79EFBC}") = "Core.Repository", "Core.Repository\Core.Repository.csproj", "{E9E1626A-F99B-4C2A-ACD5-52F345BFF900}"
EndProject
Project("{FAE04EC0-301F-11D3-BF4B-00C04F79EFBC}") = "Core.Services", "Core.Services\Core.Services.csproj", "{303EECEB-C036-479D-A1E1-C08B66DBFB5F}"
EndProject
Project("{2150E333-8FDC-42A3-9474-1A3956D46DE8}") = "Services", "Services", "{31856C19-D830-4513-AA5C-AEEFC11C60E1}"
EndProject
Project("{2150E333-8FDC-42A3-9474-1A3956D46DE8}") = "Presentation", "Presentation", "{A1FC34BD-F0E9-4C46-BAA7-EB85BFC35317}"
EndProject
Project("{2150E333-8FDC-42A3-9474-1A3956D46DE8}") = "ES", "ES", "{C5233363-C6FE-48EA-BCA5-7780E1D314C3}"
EndProject
Project("{FAE04EC0-301F-11D3-BF4B-00C04F79EFBC}") = "ES.Common", "ES.Common\ES.Common.csproj", "{08ED7261-3D32-46C0-A4C7-F419A650A654}"
EndProject
Project("{FAE04EC0-301F-11D3-BF4B-00C04F79EFBC}") = "ES.Domain", "ES.Domain\ES.Domain.csproj", "{893AFFFE-92B1-45E2-89F5-B8CB90FF00D1}"
EndProject
Project("{FAE04EC0-301F-11D3-BF4B-00C04F79EFBC}") = "ES.CommandStack", "ES.CommandStack\ES.CommandStack.csproj", "{1A2EC58D-31B1-4B74-9559-E611F997F381}"
EndProject
Project("{FAE04EC0-301F-11D3-BF4B-00C04F79EFBC}") = "ES.Repository", "ES.Repository\ES.Repository.csproj", "{0DFAA627-78A3-48B9-8B96-BD59BE522720}"
EndProject
Project("{FAE04EC0-301F-11D3-BF4B-00C04F79EFBC}") = "ES.Infrastructure", "ES.Infrastructure\ES.Infrastructure.csproj", "{739C2794-0244-4395-92FA-CB425D09FB04}"
EndProject
Project("{FAE04EC0-301F-11D3-BF4B-00C04F79EFBC}") = "ES.Infrastructure.Consumers", "ES.Infrastructure.Consumers\ES.Infrastructure.Consumers.csproj", "{622D4201-90A6-444B-9938-A69EE0CC71BF}"
EndProject
Project("{FAE04EC0-301F-11D3-BF4B-00C04F79EFBC}") = "ES.ApplicationService", "ES.ApplicationService\ES.ApplicationService.csproj", "{B5CE2351-92D0-4F0A-8F23-7267EA45666A}"
EndProject
Project("{FAE04EC0-301F-11D3-BF4B-00C04F79EFBC}") = "CustomerService", "CustomerService\CustomerService.csproj", "{72AF5BD7-3468-4196-9291-8DDA471EA10A}"
EndProject
Project("{FAE04EC0-301F-11D3-BF4B-00C04F79EFBC}") = "ProductService", "ProductService\ProductService.csproj", "{DF25EBF7-AD70-4F7B-9F45-AC149591FDEA}"
EndProject
Project("{FAE04EC0-301F-11D3-BF4B-00C04F79EFBC}") = "ES.MongoEventStore", "ES.MongoEventStore\ES.MongoEventStore.csproj", "{9FDC3212-4740-47BB-878E-C92D25CBCB05}"
EndProject
Project("{FAE04EC0-301F-11D3-BF4B-00C04F79EFBC}") = "ESSample.Web", "ESSample.Web\ESSample.Web.csproj", "{B385C562-FCFB-4428-A287-E75A1BEA7A59}"
EndProject
Project("{2150E333-8FDC-42A3-9474-1A3956D46DE8}") = "Configuration", "Configuration", "{0CF95BA0-4970-4342-B310-DED03A79694F}"
EndProject
Project("{FAE04EC0-301F-11D3-BF4B-00C04F79EFBC}") = "ESSample.Common", "ESSample.Common\ESSample.Common.csproj", "{9CB28B40-F0E8-426D-9D47-01695FE1AE1F}"
EndProject
Project("{FAE04EC0-301F-11D3-BF4B-00C04F79EFBC}") = "CartService", "CartService\CartService.csproj", "{CE59A5EC-7E68-49C8-8DA0-02422BB07F51}"
EndProject
Project("{FAE04EC0-301F-11D3-BF4B-00C04F79EFBC}") = "OrderService", "OrderService\OrderService.csproj", "{DF6DA7C3-352C-40A2-B15F-82C326A150FD}"
EndProject
Global
	GlobalSection(SolutionConfigurationPlatforms) = preSolution
		Debug|Any CPU = Debug|Any CPU
		Release|Any CPU = Release|Any CPU
	EndGlobalSection
	GlobalSection(ProjectConfigurationPlatforms) = postSolution
		{BA0048FF-BF07-40F2-A7DA-5052B45CCB68}.Debug|Any CPU.ActiveCfg = Debug|Any CPU
		{BA0048FF-BF07-40F2-A7DA-5052B45CCB68}.Debug|Any CPU.Build.0 = Debug|Any CPU
		{BA0048FF-BF07-40F2-A7DA-5052B45CCB68}.Release|Any CPU.ActiveCfg = Release|Any CPU
		{BA0048FF-BF07-40F2-A7DA-5052B45CCB68}.Release|Any CPU.Build.0 = Release|Any CPU
		{E9E1626A-F99B-4C2A-ACD5-52F345BFF900}.Debug|Any CPU.ActiveCfg = Debug|Any CPU
		{E9E1626A-F99B-4C2A-ACD5-52F345BFF900}.Debug|Any CPU.Build.0 = Debug|Any CPU
		{E9E1626A-F99B-4C2A-ACD5-52F345BFF900}.Release|Any CPU.ActiveCfg = Release|Any CPU
		{E9E1626A-F99B-4C2A-ACD5-52F345BFF900}.Release|Any CPU.Build.0 = Release|Any CPU
		{303EECEB-C036-479D-A1E1-C08B66DBFB5F}.Debug|Any CPU.ActiveCfg = Debug|Any CPU
		{303EECEB-C036-479D-A1E1-C08B66DBFB5F}.Debug|Any CPU.Build.0 = Debug|Any CPU
		{303EECEB-C036-479D-A1E1-C08B66DBFB5F}.Release|Any CPU.ActiveCfg = Release|Any CPU
		{303EECEB-C036-479D-A1E1-C08B66DBFB5F}.Release|Any CPU.Build.0 = Release|Any CPU
		{08ED7261-3D32-46C0-A4C7-F419A650A654}.Debug|Any CPU.ActiveCfg = Debug|Any CPU
		{08ED7261-3D32-46C0-A4C7-F419A650A654}.Debug|Any CPU.Build.0 = Debug|Any CPU
		{08ED7261-3D32-46C0-A4C7-F419A650A654}.Release|Any CPU.ActiveCfg = Release|Any CPU
		{08ED7261-3D32-46C0-A4C7-F419A650A654}.Release|Any CPU.Build.0 = Release|Any CPU
		{893AFFFE-92B1-45E2-89F5-B8CB90FF00D1}.Debug|Any CPU.ActiveCfg = Debug|Any CPU
		{893AFFFE-92B1-45E2-89F5-B8CB90FF00D1}.Debug|Any CPU.Build.0 = Debug|Any CPU
		{893AFFFE-92B1-45E2-89F5-B8CB90FF00D1}.Release|Any CPU.ActiveCfg = Release|Any CPU
		{893AFFFE-92B1-45E2-89F5-B8CB90FF00D1}.Release|Any CPU.Build.0 = Release|Any CPU
		{1A2EC58D-31B1-4B74-9559-E611F997F381}.Debug|Any CPU.ActiveCfg = Debug|Any CPU
		{1A2EC58D-31B1-4B74-9559-E611F997F381}.Debug|Any CPU.Build.0 = Debug|Any CPU
		{1A2EC58D-31B1-4B74-9559-E611F997F381}.Release|Any CPU.ActiveCfg = Release|Any CPU
		{1A2EC58D-31B1-4B74-9559-E611F997F381}.Release|Any CPU.Build.0 = Release|Any CPU
		{0DFAA627-78A3-48B9-8B96-BD59BE522720}.Debug|Any CPU.ActiveCfg = Debug|Any CPU
		{0DFAA627-78A3-48B9-8B96-BD59BE522720}.Debug|Any CPU.Build.0 = Debug|Any CPU
		{0DFAA627-78A3-48B9-8B96-BD59BE522720}.Release|Any CPU.ActiveCfg = Release|Any CPU
		{0DFAA627-78A3-48B9-8B96-BD59BE522720}.Release|Any CPU.Build.0 = Release|Any CPU
		{739C2794-0244-4395-92FA-CB425D09FB04}.Debug|Any CPU.ActiveCfg = Debug|Any CPU
		{739C2794-0244-4395-92FA-CB425D09FB04}.Debug|Any CPU.Build.0 = Debug|Any CPU
		{739C2794-0244-4395-92FA-CB425D09FB04}.Release|Any CPU.ActiveCfg = Release|Any CPU
		{739C2794-0244-4395-92FA-CB425D09FB04}.Release|Any CPU.Build.0 = Release|Any CPU
		{622D4201-90A6-444B-9938-A69EE0CC71BF}.Debug|Any CPU.ActiveCfg = Debug|Any CPU
		{622D4201-90A6-444B-9938-A69EE0CC71BF}.Debug|Any CPU.Build.0 = Debug|Any CPU
		{622D4201-90A6-444B-9938-A69EE0CC71BF}.Release|Any CPU.ActiveCfg = Release|Any CPU
		{622D4201-90A6-444B-9938-A69EE0CC71BF}.Release|Any CPU.Build.0 = Release|Any CPU
		{B5CE2351-92D0-4F0A-8F23-7267EA45666A}.Debug|Any CPU.ActiveCfg = Debug|Any CPU
		{B5CE2351-92D0-4F0A-8F23-7267EA45666A}.Debug|Any CPU.Build.0 = Debug|Any CPU
		{B5CE2351-92D0-4F0A-8F23-7267EA45666A}.Release|Any CPU.ActiveCfg = Release|Any CPU
		{B5CE2351-92D0-4F0A-8F23-7267EA45666A}.Release|Any CPU.Build.0 = Release|Any CPU
		{72AF5BD7-3468-4196-9291-8DDA471EA10A}.Debug|Any CPU.ActiveCfg = Debug|Any CPU
		{72AF5BD7-3468-4196-9291-8DDA471EA10A}.Debug|Any CPU.Build.0 = Debug|Any CPU
		{72AF5BD7-3468-4196-9291-8DDA471EA10A}.Release|Any CPU.ActiveCfg = Release|Any CPU
		{72AF5BD7-3468-4196-9291-8DDA471EA10A}.Release|Any CPU.Build.0 = Release|Any CPU
		{DF25EBF7-AD70-4F7B-9F45-AC149591FDEA}.Debug|Any CPU.ActiveCfg = Debug|Any CPU
		{DF25EBF7-AD70-4F7B-9F45-AC149591FDEA}.Debug|Any CPU.Build.0 = Debug|Any CPU
		{DF25EBF7-AD70-4F7B-9F45-AC149591FDEA}.Release|Any CPU.ActiveCfg = Release|Any CPU
		{DF25EBF7-AD70-4F7B-9F45-AC149591FDEA}.Release|Any CPU.Build.0 = Release|Any CPU
		{9FDC3212-4740-47BB-878E-C92D25CBCB05}.Debug|Any CPU.ActiveCfg = Debug|Any CPU
		{9FDC3212-4740-47BB-878E-C92D25CBCB05}.Debug|Any CPU.Build.0 = Debug|Any CPU
		{9FDC3212-4740-47BB-878E-C92D25CBCB05}.Release|Any CPU.ActiveCfg = Release|Any CPU
		{9FDC3212-4740-47BB-878E-C92D25CBCB05}.Release|Any CPU.Build.0 = Release|Any CPU
		{B385C562-FCFB-4428-A287-E75A1BEA7A59}.Debug|Any CPU.ActiveCfg = Debug|Any CPU
		{B385C562-FCFB-4428-A287-E75A1BEA7A59}.Debug|Any CPU.Build.0 = Debug|Any CPU
		{B385C562-FCFB-4428-A287-E75A1BEA7A59}.Release|Any CPU.ActiveCfg = Release|Any CPU
		{B385C562-FCFB-4428-A287-E75A1BEA7A59}.Release|Any CPU.Build.0 = Release|Any CPU
		{9CB28B40-F0E8-426D-9D47-01695FE1AE1F}.Debug|Any CPU.ActiveCfg = Debug|Any CPU
		{9CB28B40-F0E8-426D-9D47-01695FE1AE1F}.Debug|Any CPU.Build.0 = Debug|Any CPU
		{9CB28B40-F0E8-426D-9D47-01695FE1AE1F}.Release|Any CPU.ActiveCfg = Release|Any CPU
		{9CB28B40-F0E8-426D-9D47-01695FE1AE1F}.Release|Any CPU.Build.0 = Release|Any CPU
		{CE59A5EC-7E68-49C8-8DA0-02422BB07F51}.Debug|Any CPU.ActiveCfg = Debug|Any CPU
		{CE59A5EC-7E68-49C8-8DA0-02422BB07F51}.Debug|Any CPU.Build.0 = Debug|Any CPU
		{CE59A5EC-7E68-49C8-8DA0-02422BB07F51}.Release|Any CPU.ActiveCfg = Release|Any CPU
		{CE59A5EC-7E68-49C8-8DA0-02422BB07F51}.Release|Any CPU.Build.0 = Release|Any CPU
		{DF6DA7C3-352C-40A2-B15F-82C326A150FD}.Debug|Any CPU.ActiveCfg = Debug|Any CPU
		{DF6DA7C3-352C-40A2-B15F-82C326A150FD}.Debug|Any CPU.Build.0 = Debug|Any CPU
		{DF6DA7C3-352C-40A2-B15F-82C326A150FD}.Release|Any CPU.ActiveCfg = Release|Any CPU
		{DF6DA7C3-352C-40A2-B15F-82C326A150FD}.Release|Any CPU.Build.0 = Release|Any CPU
	EndGlobalSection
	GlobalSection(SolutionProperties) = preSolution
		HideSolutionNode = FALSE
	EndGlobalSection
	GlobalSection(NestedProjects) = preSolution
		{BA0048FF-BF07-40F2-A7DA-5052B45CCB68} = {8FAF992C-B36F-4878-A303-821B2BCE785A}
		{E9E1626A-F99B-4C2A-ACD5-52F345BFF900} = {8FAF992C-B36F-4878-A303-821B2BCE785A}
		{303EECEB-C036-479D-A1E1-C08B66DBFB5F} = {8FAF992C-B36F-4878-A303-821B2BCE785A}
		{08ED7261-3D32-46C0-A4C7-F419A650A654} = {C5233363-C6FE-48EA-BCA5-7780E1D314C3}
		{893AFFFE-92B1-45E2-89F5-B8CB90FF00D1} = {C5233363-C6FE-48EA-BCA5-7780E1D314C3}
		{1A2EC58D-31B1-4B74-9559-E611F997F381} = {C5233363-C6FE-48EA-BCA5-7780E1D314C3}
		{0DFAA627-78A3-48B9-8B96-BD59BE522720} = {C5233363-C6FE-48EA-BCA5-7780E1D314C3}
		{739C2794-0244-4395-92FA-CB425D09FB04} = {C5233363-C6FE-48EA-BCA5-7780E1D314C3}
		{622D4201-90A6-444B-9938-A69EE0CC71BF} = {C5233363-C6FE-48EA-BCA5-7780E1D314C3}
		{B5CE2351-92D0-4F0A-8F23-7267EA45666A} = {C5233363-C6FE-48EA-BCA5-7780E1D314C3}
		{72AF5BD7-3468-4196-9291-8DDA471EA10A} = {31856C19-D830-4513-AA5C-AEEFC11C60E1}
		{DF25EBF7-AD70-4F7B-9F45-AC149591FDEA} = {31856C19-D830-4513-AA5C-AEEFC11C60E1}
		{9FDC3212-4740-47BB-878E-C92D25CBCB05} = {C5233363-C6FE-48EA-BCA5-7780E1D314C3}
		{B385C562-FCFB-4428-A287-E75A1BEA7A59} = {A1FC34BD-F0E9-4C46-BAA7-EB85BFC35317}
		{9CB28B40-F0E8-426D-9D47-01695FE1AE1F} = {0CF95BA0-4970-4342-B310-DED03A79694F}
		{CE59A5EC-7E68-49C8-8DA0-02422BB07F51} = {31856C19-D830-4513-AA5C-AEEFC11C60E1}
		{DF6DA7C3-352C-40A2-B15F-82C326A150FD} = {31856C19-D830-4513-AA5C-AEEFC11C60E1}
	EndGlobalSection
EndGlobal
